
Microsoft Visual Studio Solution File, Format Version 12.00
# Visual Studio 15
VisualStudioVersion = 15.0.27004.2002
MinimumVisualStudioVersion = 10.0.40219.1
Project("{FAE04EC0-301F-11D3-BF4B-00C04F79EFBC}") = "scoreboard_dlouhodobka.Android", "scoreboard_dlouhodobka\scoreboard_dlouhodobka.Android\scoreboard_dlouhodobka.Android.csproj", "{08B3E20A-D609-4235-BBD6-8DCD2586A60B}"
EndProject
Project("{FAE04EC0-301F-11D3-BF4B-00C04F79EFBC}") = "scoreboard_dlouhodobka", "scoreboard_dlouhodobka\scoreboard_dlouhodobka\scoreboard_dlouhodobka.csproj", "{5016786A-4121-43F5-831A-D72BA1E93D7D}"
EndProject
Project("{FAE04EC0-301F-11D3-BF4B-00C04F79EFBC}") = "scoreboard_dlouhodobka.UWP", "scoreboard_dlouhodobka\scoreboard_dlouhodobka.UWP\scoreboard_dlouhodobka.UWP.csproj", "{0D56DD56-20B6-4DD4-91BD-1B247365D57B}"
EndProject
Global
	GlobalSection(SolutionConfigurationPlatforms) = preSolution
		Ad-Hoc|Any CPU = Ad-Hoc|Any CPU
		Ad-Hoc|ARM = Ad-Hoc|ARM
		Ad-Hoc|iPhone = Ad-Hoc|iPhone
		Ad-Hoc|iPhoneSimulator = Ad-Hoc|iPhoneSimulator
		Ad-Hoc|x64 = Ad-Hoc|x64
		Ad-Hoc|x86 = Ad-Hoc|x86
		AppStore|Any CPU = AppStore|Any CPU
		AppStore|ARM = AppStore|ARM
		AppStore|iPhone = AppStore|iPhone
		AppStore|iPhoneSimulator = AppStore|iPhoneSimulator
		AppStore|x64 = AppStore|x64
		AppStore|x86 = AppStore|x86
		Debug|Any CPU = Debug|Any CPU
		Debug|ARM = Debug|ARM
		Debug|iPhone = Debug|iPhone
		Debug|iPhoneSimulator = Debug|iPhoneSimulator
		Debug|x64 = Debug|x64
		Debug|x86 = Debug|x86
		Release|Any CPU = Release|Any CPU
		Release|ARM = Release|ARM
		Release|iPhone = Release|iPhone
		Release|iPhoneSimulator = Release|iPhoneSimulator
		Release|x64 = Release|x64
		Release|x86 = Release|x86
	EndGlobalSection
	GlobalSection(ProjectConfigurationPlatforms) = postSolution
		{08B3E20A-D609-4235-BBD6-8DCD2586A60B}.Ad-Hoc|Any CPU.ActiveCfg = Release|Any CPU
		{08B3E20A-D609-4235-BBD6-8DCD2586A60B}.Ad-Hoc|Any CPU.Build.0 = Release|Any CPU
		{08B3E20A-D609-4235-BBD6-8DCD2586A60B}.Ad-Hoc|Any CPU.Deploy.0 = Release|Any CPU
		{08B3E20A-D609-4235-BBD6-8DCD2586A60B}.Ad-Hoc|ARM.ActiveCfg = Release|Any CPU
		{08B3E20A-D609-4235-BBD6-8DCD2586A60B}.Ad-Hoc|ARM.Build.0 = Release|Any CPU
		{08B3E20A-D609-4235-BBD6-8DCD2586A60B}.Ad-Hoc|ARM.Deploy.0 = Release|Any CPU
		{08B3E20A-D609-4235-BBD6-8DCD2586A60B}.Ad-Hoc|iPhone.ActiveCfg = Release|Any CPU
		{08B3E20A-D609-4235-BBD6-8DCD2586A60B}.Ad-Hoc|iPhone.Build.0 = Release|Any CPU
		{08B3E20A-D609-4235-BBD6-8DCD2586A60B}.Ad-Hoc|iPhone.Deploy.0 = Release|Any CPU
		{08B3E20A-D609-4235-BBD6-8DCD2586A60B}.Ad-Hoc|iPhoneSimulator.ActiveCfg = Release|Any CPU
		{08B3E20A-D609-4235-BBD6-8DCD2586A60B}.Ad-Hoc|iPhoneSimulator.Build.0 = Release|Any CPU
		{08B3E20A-D609-4235-BBD6-8DCD2586A60B}.Ad-Hoc|iPhoneSimulator.Deploy.0 = Release|Any CPU
		{08B3E20A-D609-4235-BBD6-8DCD2586A60B}.Ad-Hoc|x64.ActiveCfg = Release|Any CPU
		{08B3E20A-D609-4235-BBD6-8DCD2586A60B}.Ad-Hoc|x64.Build.0 = Release|Any CPU
		{08B3E20A-D609-4235-BBD6-8DCD2586A60B}.Ad-Hoc|x64.Deploy.0 = Release|Any CPU
		{08B3E20A-D609-4235-BBD6-8DCD2586A60B}.Ad-Hoc|x86.ActiveCfg = Release|Any CPU
		{08B3E20A-D609-4235-BBD6-8DCD2586A60B}.Ad-Hoc|x86.Build.0 = Release|Any CPU
		{08B3E20A-D609-4235-BBD6-8DCD2586A60B}.Ad-Hoc|x86.Deploy.0 = Release|Any CPU
		{08B3E20A-D609-4235-BBD6-8DCD2586A60B}.AppStore|Any CPU.ActiveCfg = Release|Any CPU
		{08B3E20A-D609-4235-BBD6-8DCD2586A60B}.AppStore|Any CPU.Build.0 = Release|Any CPU
		{08B3E20A-D609-4235-BBD6-8DCD2586A60B}.AppStore|Any CPU.Deploy.0 = Release|Any CPU
		{08B3E20A-D609-4235-BBD6-8DCD2586A60B}.AppStore|ARM.ActiveCfg = Release|Any CPU
		{08B3E20A-D609-4235-BBD6-8DCD2586A60B}.AppStore|ARM.Build.0 = Release|Any CPU
		{08B3E20A-D609-4235-BBD6-8DCD2586A60B}.AppStore|ARM.Deploy.0 = Release|Any CPU
		{08B3E20A-D609-4235-BBD6-8DCD2586A60B}.AppStore|iPhone.ActiveCfg = Release|Any CPU
		{08B3E20A-D609-4235-BBD6-8DCD2586A60B}.AppStore|iPhone.Build.0 = Release|Any CPU
		{08B3E20A-D609-4235-BBD6-8DCD2586A60B}.AppStore|iPhone.Deploy.0 = Release|Any CPU
		{08B3E20A-D609-4235-BBD6-8DCD2586A60B}.AppStore|iPhoneSimulator.ActiveCfg = Release|Any CPU
		{08B3E20A-D609-4235-BBD6-8DCD2586A60B}.AppStore|iPhoneSimulator.Build.0 = Release|Any CPU
		{08B3E20A-D609-4235-BBD6-8DCD2586A60B}.AppStore|iPhoneSimulator.Deploy.0 = Release|Any CPU
		{08B3E20A-D609-4235-BBD6-8DCD2586A60B}.AppStore|x64.ActiveCfg = Release|Any CPU
		{08B3E20A-D609-4235-BBD6-8DCD2586A60B}.AppStore|x64.Build.0 = Release|Any CPU
		{08B3E20A-D609-4235-BBD6-8DCD2586A60B}.AppStore|x64.Deploy.0 = Release|Any CPU
		{08B3E20A-D609-4235-BBD6-8DCD2586A60B}.AppStore|x86.ActiveCfg = Release|Any CPU
		{08B3E20A-D609-4235-BBD6-8DCD2586A60B}.AppStore|x86.Build.0 = Release|Any CPU
		{08B3E20A-D609-4235-BBD6-8DCD2586A60B}.AppStore|x86.Deploy.0 = Release|Any CPU
		{08B3E20A-D609-4235-BBD6-8DCD2586A60B}.Debug|Any CPU.ActiveCfg = Debug|Any CPU
		{08B3E20A-D609-4235-BBD6-8DCD2586A60B}.Debug|Any CPU.Build.0 = Debug|Any CPU
		{08B3E20A-D609-4235-BBD6-8DCD2586A60B}.Debug|Any CPU.Deploy.0 = Debug|Any CPU
		{08B3E20A-D609-4235-BBD6-8DCD2586A60B}.Debug|ARM.ActiveCfg = Debug|Any CPU
		{08B3E20A-D609-4235-BBD6-8DCD2586A60B}.Debug|ARM.Build.0 = Debug|Any CPU
		{08B3E20A-D609-4235-BBD6-8DCD2586A60B}.Debug|ARM.Deploy.0 = Debug|Any CPU
		{08B3E20A-D609-4235-BBD6-8DCD2586A60B}.Debug|iPhone.ActiveCfg = Debug|Any CPU
		{08B3E20A-D609-4235-BBD6-8DCD2586A60B}.Debug|iPhone.Build.0 = Debug|Any CPU
		{08B3E20A-D609-4235-BBD6-8DCD2586A60B}.Debug|iPhone.Deploy.0 = Debug|Any CPU
		{08B3E20A-D609-4235-BBD6-8DCD2586A60B}.Debug|iPhoneSimulator.ActiveCfg = Debug|Any CPU
		{08B3E20A-D609-4235-BBD6-8DCD2586A60B}.Debug|iPhoneSimulator.Build.0 = Debug|Any CPU
		{08B3E20A-D609-4235-BBD6-8DCD2586A60B}.Debug|iPhoneSimulator.Deploy.0 = Debug|Any CPU
		{08B3E20A-D609-4235-BBD6-8DCD2586A60B}.Debug|x64.ActiveCfg = Debug|Any CPU
		{08B3E20A-D609-4235-BBD6-8DCD2586A60B}.Debug|x64.Build.0 = Debug|Any CPU
		{08B3E20A-D609-4235-BBD6-8DCD2586A60B}.Debug|x64.Deploy.0 = Debug|Any CPU
		{08B3E20A-D609-4235-BBD6-8DCD2586A60B}.Debug|x86.ActiveCfg = Debug|Any CPU
		{08B3E20A-D609-4235-BBD6-8DCD2586A60B}.Debug|x86.Build.0 = Debug|Any CPU
		{08B3E20A-D609-4235-BBD6-8DCD2586A60B}.Debug|x86.Deploy.0 = Debug|Any CPU
		{08B3E20A-D609-4235-BBD6-8DCD2586A60B}.Release|Any CPU.ActiveCfg = Release|Any CPU
		{08B3E20A-D609-4235-BBD6-8DCD2586A60B}.Release|Any CPU.Build.0 = Release|Any CPU
		{08B3E20A-D609-4235-BBD6-8DCD2586A60B}.Release|Any CPU.Deploy.0 = Release|Any CPU
		{08B3E20A-D609-4235-BBD6-8DCD2586A60B}.Release|ARM.ActiveCfg = Release|Any CPU
		{08B3E20A-D609-4235-BBD6-8DCD2586A60B}.Release|ARM.Build.0 = Release|Any CPU
		{08B3E20A-D609-4235-BBD6-8DCD2586A60B}.Release|ARM.Deploy.0 = Release|Any CPU
		{08B3E20A-D609-4235-BBD6-8DCD2586A60B}.Release|iPhone.ActiveCfg = Release|Any CPU
		{08B3E20A-D609-4235-BBD6-8DCD2586A60B}.Release|iPhone.Build.0 = Release|Any CPU
		{08B3E20A-D609-4235-BBD6-8DCD2586A60B}.Release|iPhone.Deploy.0 = Release|Any CPU
		{08B3E20A-D609-4235-BBD6-8DCD2586A60B}.Release|iPhoneSimulator.ActiveCfg = Release|Any CPU
		{08B3E20A-D609-4235-BBD6-8DCD2586A60B}.Release|iPhoneSimulator.Build.0 = Release|Any CPU
		{08B3E20A-D609-4235-BBD6-8DCD2586A60B}.Release|iPhoneSimulator.Deploy.0 = Release|Any CPU
		{08B3E20A-D609-4235-BBD6-8DCD2586A60B}.Release|x64.ActiveCfg = Release|Any CPU
		{08B3E20A-D609-4235-BBD6-8DCD2586A60B}.Release|x64.Build.0 = Release|Any CPU
		{08B3E20A-D609-4235-BBD6-8DCD2586A60B}.Release|x64.Deploy.0 = Release|Any CPU
		{08B3E20A-D609-4235-BBD6-8DCD2586A60B}.Release|x86.ActiveCfg = Release|Any CPU
		{08B3E20A-D609-4235-BBD6-8DCD2586A60B}.Release|x86.Build.0 = Release|Any CPU
		{08B3E20A-D609-4235-BBD6-8DCD2586A60B}.Release|x86.Deploy.0 = Release|Any CPU
		{5016786A-4121-43F5-831A-D72BA1E93D7D}.Ad-Hoc|Any CPU.ActiveCfg = Release|Any CPU
		{5016786A-4121-43F5-831A-D72BA1E93D7D}.Ad-Hoc|Any CPU.Build.0 = Release|Any CPU
		{5016786A-4121-43F5-831A-D72BA1E93D7D}.Ad-Hoc|ARM.ActiveCfg = Release|Any CPU
		{5016786A-4121-43F5-831A-D72BA1E93D7D}.Ad-Hoc|ARM.Build.0 = Release|Any CPU
		{5016786A-4121-43F5-831A-D72BA1E93D7D}.Ad-Hoc|iPhone.ActiveCfg = Release|Any CPU
		{5016786A-4121-43F5-831A-D72BA1E93D7D}.Ad-Hoc|iPhone.Build.0 = Release|Any CPU
		{5016786A-4121-43F5-831A-D72BA1E93D7D}.Ad-Hoc|iPhoneSimulator.ActiveCfg = Release|Any CPU
		{5016786A-4121-43F5-831A-D72BA1E93D7D}.Ad-Hoc|iPhoneSimulator.Build.0 = Release|Any CPU
		{5016786A-4121-43F5-831A-D72BA1E93D7D}.Ad-Hoc|x64.ActiveCfg = Release|Any CPU
		{5016786A-4121-43F5-831A-D72BA1E93D7D}.Ad-Hoc|x64.Build.0 = Release|Any CPU
		{5016786A-4121-43F5-831A-D72BA1E93D7D}.Ad-Hoc|x86.ActiveCfg = Release|Any CPU
		{5016786A-4121-43F5-831A-D72BA1E93D7D}.Ad-Hoc|x86.Build.0 = Release|Any CPU
		{5016786A-4121-43F5-831A-D72BA1E93D7D}.AppStore|Any CPU.ActiveCfg = Release|Any CPU
		{5016786A-4121-43F5-831A-D72BA1E93D7D}.AppStore|Any CPU.Build.0 = Release|Any CPU
		{5016786A-4121-43F5-831A-D72BA1E93D7D}.AppStore|ARM.ActiveCfg = Release|Any CPU
		{5016786A-4121-43F5-831A-D72BA1E93D7D}.AppStore|ARM.Build.0 = Release|Any CPU
		{5016786A-4121-43F5-831A-D72BA1E93D7D}.AppStore|iPhone.ActiveCfg = Release|Any CPU
		{5016786A-4121-43F5-831A-D72BA1E93D7D}.AppStore|iPhone.Build.0 = Release|Any CPU
		{5016786A-4121-43F5-831A-D72BA1E93D7D}.AppStore|iPhoneSimulator.ActiveCfg = Release|Any CPU
		{5016786A-4121-43F5-831A-D72BA1E93D7D}.AppStore|iPhoneSimulator.Build.0 = Release|Any CPU
		{5016786A-4121-43F5-831A-D72BA1E93D7D}.AppStore|x64.ActiveCfg = Release|Any CPU
		{5016786A-4121-43F5-831A-D72BA1E93D7D}.AppStore|x64.Build.0 = Release|Any CPU
		{5016786A-4121-43F5-831A-D72BA1E93D7D}.AppStore|x86.ActiveCfg = Release|Any CPU
		{5016786A-4121-43F5-831A-D72BA1E93D7D}.AppStore|x86.Build.0 = Release|Any CPU
		{5016786A-4121-43F5-831A-D72BA1E93D7D}.Debug|Any CPU.ActiveCfg = Debug|Any CPU
		{5016786A-4121-43F5-831A-D72BA1E93D7D}.Debug|Any CPU.Build.0 = Debug|Any CPU
		{5016786A-4121-43F5-831A-D72BA1E93D7D}.Debug|ARM.ActiveCfg = Debug|Any CPU
		{5016786A-4121-43F5-831A-D72BA1E93D7D}.Debug|ARM.Build.0 = Debug|Any CPU
		{5016786A-4121-43F5-831A-D72BA1E93D7D}.Debug|iPhone.ActiveCfg = Debug|Any CPU
		{5016786A-4121-43F5-831A-D72BA1E93D7D}.Debug|iPhone.Build.0 = Debug|Any CPU
		{5016786A-4121-43F5-831A-D72BA1E93D7D}.Debug|iPhoneSimulator.ActiveCfg = Debug|Any CPU
		{5016786A-4121-43F5-831A-D72BA1E93D7D}.Debug|iPhoneSimulator.Build.0 = Debug|Any CPU
		{5016786A-4121-43F5-831A-D72BA1E93D7D}.Debug|x64.ActiveCfg = Debug|Any CPU
		{5016786A-4121-43F5-831A-D72BA1E93D7D}.Debug|x64.Build.0 = Debug|Any CPU
		{5016786A-4121-43F5-831A-D72BA1E93D7D}.Debug|x86.ActiveCfg = Debug|Any CPU
		{5016786A-4121-43F5-831A-D72BA1E93D7D}.Debug|x86.Build.0 = Debug|Any CPU
		{5016786A-4121-43F5-831A-D72BA1E93D7D}.Release|Any CPU.ActiveCfg = Release|Any CPU
		{5016786A-4121-43F5-831A-D72BA1E93D7D}.Release|Any CPU.Build.0 = Release|Any CPU
		{5016786A-4121-43F5-831A-D72BA1E93D7D}.Release|ARM.ActiveCfg = Release|Any CPU
		{5016786A-4121-43F5-831A-D72BA1E93D7D}.Release|ARM.Build.0 = Release|Any CPU
		{5016786A-4121-43F5-831A-D72BA1E93D7D}.Release|iPhone.ActiveCfg = Release|Any CPU
		{5016786A-4121-43F5-831A-D72BA1E93D7D}.Release|iPhone.Build.0 = Release|Any CPU
		{5016786A-4121-43F5-831A-D72BA1E93D7D}.Release|iPhoneSimulator.ActiveCfg = Release|Any CPU
		{5016786A-4121-43F5-831A-D72BA1E93D7D}.Release|iPhoneSimulator.Build.0 = Release|Any CPU
		{5016786A-4121-43F5-831A-D72BA1E93D7D}.Release|x64.ActiveCfg = Release|Any CPU
		{5016786A-4121-43F5-831A-D72BA1E93D7D}.Release|x64.Build.0 = Release|Any CPU
		{5016786A-4121-43F5-831A-D72BA1E93D7D}.Release|x86.ActiveCfg = Release|Any CPU
		{5016786A-4121-43F5-831A-D72BA1E93D7D}.Release|x86.Build.0 = Release|Any CPU
		{0D56DD56-20B6-4DD4-91BD-1B247365D57B}.Ad-Hoc|Any CPU.ActiveCfg = Release|x86
		{0D56DD56-20B6-4DD4-91BD-1B247365D57B}.Ad-Hoc|Any CPU.Build.0 = Release|x86
		{0D56DD56-20B6-4DD4-91BD-1B247365D57B}.Ad-Hoc|Any CPU.Deploy.0 = Release|x86
		{0D56DD56-20B6-4DD4-91BD-1B247365D57B}.Ad-Hoc|ARM.ActiveCfg = Release|ARM
		{0D56DD56-20B6-4DD4-91BD-1B247365D57B}.Ad-Hoc|ARM.Build.0 = Release|ARM
		{0D56DD56-20B6-4DD4-91BD-1B247365D57B}.Ad-Hoc|ARM.Deploy.0 = Release|ARM
		{0D56DD56-20B6-4DD4-91BD-1B247365D57B}.Ad-Hoc|iPhone.ActiveCfg = Release|x86
		{0D56DD56-20B6-4DD4-91BD-1B247365D57B}.Ad-Hoc|iPhone.Build.0 = Release|x86
		{0D56DD56-20B6-4DD4-91BD-1B247365D57B}.Ad-Hoc|iPhone.Deploy.0 = Release|x86
		{0D56DD56-20B6-4DD4-91BD-1B247365D57B}.Ad-Hoc|iPhoneSimulator.ActiveCfg = Release|x86
		{0D56DD56-20B6-4DD4-91BD-1B247365D57B}.Ad-Hoc|iPhoneSimulator.Build.0 = Release|x86
		{0D56DD56-20B6-4DD4-91BD-1B247365D57B}.Ad-Hoc|iPhoneSimulator.Deploy.0 = Release|x86
		{0D56DD56-20B6-4DD4-91BD-1B247365D57B}.Ad-Hoc|x64.ActiveCfg = Release|x64
		{0D56DD56-20B6-4DD4-91BD-1B247365D57B}.Ad-Hoc|x64.Build.0 = Release|x64
		{0D56DD56-20B6-4DD4-91BD-1B247365D57B}.Ad-Hoc|x64.Deploy.0 = Release|x64
		{0D56DD56-20B6-4DD4-91BD-1B247365D57B}.Ad-Hoc|x86.ActiveCfg = Release|x86
		{0D56DD56-20B6-4DD4-91BD-1B247365D57B}.Ad-Hoc|x86.Build.0 = Release|x86
		{0D56DD56-20B6-4DD4-91BD-1B247365D57B}.Ad-Hoc|x86.Deploy.0 = Release|x86
		{0D56DD56-20B6-4DD4-91BD-1B247365D57B}.AppStore|Any CPU.ActiveCfg = Release|x86
		{0D56DD56-20B6-4DD4-91BD-1B247365D57B}.AppStore|Any CPU.Build.0 = Release|x86
		{0D56DD56-20B6-4DD4-91BD-1B247365D57B}.AppStore|Any CPU.Deploy.0 = Release|x86
		{0D56DD56-20B6-4DD4-91BD-1B247365D57B}.AppStore|ARM.ActiveCfg = Release|ARM
		{0D56DD56-20B6-4DD4-91BD-1B247365D57B}.AppStore|ARM.Build.0 = Release|ARM
		{0D56DD56-20B6-4DD4-91BD-1B247365D57B}.AppStore|ARM.Deploy.0 = Release|ARM
		{0D56DD56-20B6-4DD4-91BD-1B247365D57B}.AppStore|iPhone.ActiveCfg = Release|x86
		{0D56DD56-20B6-4DD4-91BD-1B247365D57B}.AppStore|iPhone.Build.0 = Release|x86
		{0D56DD56-20B6-4DD4-91BD-1B247365D57B}.AppStore|iPhone.Deploy.0 = Release|x86
		{0D56DD56-20B6-4DD4-91BD-1B247365D57B}.AppStore|iPhoneSimulator.ActiveCfg = Release|x86
		{0D56DD56-20B6-4DD4-91BD-1B247365D57B}.AppStore|iPhoneSimulator.Build.0 = Release|x86
		{0D56DD56-20B6-4DD4-91BD-1B247365D57B}.AppStore|iPhoneSimulator.Deploy.0 = Release|x86
		{0D56DD56-20B6-4DD4-91BD-1B247365D57B}.AppStore|x64.ActiveCfg = Release|x64
		{0D56DD56-20B6-4DD4-91BD-1B247365D57B}.AppStore|x64.Build.0 = Release|x64
		{0D56DD56-20B6-4DD4-91BD-1B247365D57B}.AppStore|x64.Deploy.0 = Release|x64
		{0D56DD56-20B6-4DD4-91BD-1B247365D57B}.AppStore|x86.ActiveCfg = Release|x86
		{0D56DD56-20B6-4DD4-91BD-1B247365D57B}.AppStore|x86.Build.0 = Release|x86
		{0D56DD56-20B6-4DD4-91BD-1B247365D57B}.AppStore|x86.Deploy.0 = Release|x86
		{0D56DD56-20B6-4DD4-91BD-1B247365D57B}.Debug|Any CPU.ActiveCfg = Debug|x86
		{0D56DD56-20B6-4DD4-91BD-1B247365D57B}.Debug|ARM.ActiveCfg = Debug|ARM
		{0D56DD56-20B6-4DD4-91BD-1B247365D57B}.Debug|ARM.Build.0 = Debug|ARM
		{0D56DD56-20B6-4DD4-91BD-1B247365D57B}.Debug|ARM.Deploy.0 = Debug|ARM
		{0D56DD56-20B6-4DD4-91BD-1B247365D57B}.Debug|iPhone.ActiveCfg = Debug|x86
		{0D56DD56-20B6-4DD4-91BD-1B247365D57B}.Debug|iPhoneSimulator.ActiveCfg = Debug|x86
		{0D56DD56-20B6-4DD4-91BD-1B247365D57B}.Debug|x64.ActiveCfg = Debug|x64
		{0D56DD56-20B6-4DD4-91BD-1B247365D57B}.Debug|x64.Build.0 = Debug|x64
		{0D56DD56-20B6-4DD4-91BD-1B247365D57B}.Debug|x64.Deploy.0 = Debug|x64
		{0D56DD56-20B6-4DD4-91BD-1B247365D57B}.Debug|x86.ActiveCfg = Debug|x86
		{0D56DD56-20B6-4DD4-91BD-1B247365D57B}.Debug|x86.Build.0 = Debug|x86
		{0D56DD56-20B6-4DD4-91BD-1B247365D57B}.Debug|x86.Deploy.0 = Debug|x86
		{0D56DD56-20B6-4DD4-91BD-1B247365D57B}.Release|Any CPU.ActiveCfg = Release|x86
		{0D56DD56-20B6-4DD4-91BD-1B247365D57B}.Release|ARM.ActiveCfg = Release|ARM
		{0D56DD56-20B6-4DD4-91BD-1B247365D57B}.Release|ARM.Build.0 = Release|ARM
		{0D56DD56-20B6-4DD4-91BD-1B247365D57B}.Release|ARM.Deploy.0 = Release|ARM
		{0D56DD56-20B6-4DD4-91BD-1B247365D57B}.Release|iPhone.ActiveCfg = Release|x86
		{0D56DD56-20B6-4DD4-91BD-1B247365D57B}.Release|iPhoneSimulator.ActiveCfg = Release|x86
		{0D56DD56-20B6-4DD4-91BD-1B247365D57B}.Release|x64.ActiveCfg = Release|x64
		{0D56DD56-20B6-4DD4-91BD-1B247365D57B}.Release|x64.Build.0 = Release|x64
		{0D56DD56-20B6-4DD4-91BD-1B247365D57B}.Release|x64.Deploy.0 = Release|x64
		{0D56DD56-20B6-4DD4-91BD-1B247365D57B}.Release|x86.ActiveCfg = Release|x86
		{0D56DD56-20B6-4DD4-91BD-1B247365D57B}.Release|x86.Build.0 = Release|x86
		{0D56DD56-20B6-4DD4-91BD-1B247365D57B}.Release|x86.Deploy.0 = Release|x86
	EndGlobalSection
	GlobalSection(SolutionProperties) = preSolution
		HideSolutionNode = FALSE
	EndGlobalSection
	GlobalSection(ExtensibilityGlobals) = postSolution
		SolutionGuid = {A3A45B7F-ADB0-4748-9CAC-B84B00298C8E}
	EndGlobalSection
EndGlobal
